
Microsoft Visual Studio Solution File, Format Version 12.00
# Visual Studio Version 17
VisualStudioVersion = 17.8.34004.107
MinimumVisualStudioVersion = 10.0.40219.1
Project("{FAE04EC0-301F-11D3-BF4B-00C04F79EFBC}") = "Tic_Tac_Toe_Game_Soletion", "Tic_Tac_Toe_Game_Soletion.csproj", "{E8BE4476-2F10-4174-A430-0A7321BD7865}"
EndProject
Global
	GlobalSection(SolutionConfigurationPlatforms) = preSolution
		Debug|Any CPU = Debug|Any CPU
		Release|Any CPU = Release|Any CPU
	EndGlobalSection
	GlobalSection(ProjectConfigurationPlatforms) = postSolution
		{E8BE4476-2F10-4174-A430-0A7321BD7865}.Debug|Any CPU.ActiveCfg = Debug|Any CPU
		{E8BE4476-2F10-4174-A430-0A7321BD7865}.Debug|Any CPU.Build.0 = Debug|Any CPU
		{E8BE4476-2F10-4174-A430-0A7321BD7865}.Release|Any CPU.ActiveCfg = Release|Any CPU
		{E8BE4476-2F10-4174-A430-0A7321BD7865}.Release|Any CPU.Build.0 = Release|Any CPU
	EndGlobalSection
	GlobalSection(SolutionProperties) = preSolution
		HideSolutionNode = FALSE
	EndGlobalSection
	GlobalSection(ExtensibilityGlobals) = postSolution
		SolutionGuid = {47906485-84B1-4729-924B-8A1EC0644E76}
	EndGlobalSection
EndGlobal
